
Microsoft Visual Studio Solution File, Format Version 12.00
# Visual Studio Version 18
VisualStudioVersion = 18.7.11925.98
MinimumVisualStudioVersion = 10.0.40219.1
Project("{FAE04EC0-301F-11D3-BF4B-00C04F79EFBC}") = "AppFramework.Core", "AppFramework.Core\AppFramework.Core.csproj", "{2B0AE85C-4142-42DC-B97E-5D5E9557A9E6}"
EndProject
Project("{FAE04EC0-301F-11D3-BF4B-00C04F79EFBC}") = "AppFramework.Reference", "AppFramework.Reference\AppFramework.Reference.csproj", "{A903B873-5480-48A1-BCA3-86F45C9640DC}"
EndProject
Project("{FAE04EC0-301F-11D3-BF4B-00C04F79EFBC}") = "AppFramework.WinFormsLibrary", "AppFramework.WinFormsLibrary\AppFramework.WinFormsLibrary.csproj", "{D8DEFE18-438E-422E-893A-8694539DACF4}"
EndProject
Project("{2150E333-8FDC-42A3-9474-1A3956D46DE8}") = "AppFramework", "AppFramework", "{A4DD5143-EBF5-44CC-BEF1-EEAD8F775C37}"
EndProject
Project("{2150E333-8FDC-42A3-9474-1A3956D46DE8}") = "Blue", "Blue", "{D1499343-5D01-497D-987A-7C32FDC520E8}"
EndProject
Project("{FAE04EC0-301F-11D3-BF4B-00C04F79EFBC}") = "Blue.BusinessInterface", "Blue.BusinessInterface\Blue.BusinessInterface.csproj", "{4A01B0EC-5B3B-4B1A-94D2-7543456DDE8B}"
EndProject
Project("{FAE04EC0-301F-11D3-BF4B-00C04F79EFBC}") = "Blue.IDAL", "Blue.IDAL\Blue.IDAL.csproj", "{7548BD25-B680-4BA5-BEE6-4682746D1782}"
EndProject
Project("{FAE04EC0-301F-11D3-BF4B-00C04F79EFBC}") = "Blue.Model", "Blue.Model\Blue.Model.csproj", "{A49EC00A-F9BD-4F53-9A88-BED92D768003}"
EndProject
Project("{FAE04EC0-301F-11D3-BF4B-00C04F79EFBC}") = "Blue.SQLServerDAL", "Blue.SQLServerDAL\Blue.SQLServerDAL.csproj", "{43466B4D-2CAA-4F8D-A7C8-D9CBA7038F86}"
EndProject
Project("{FAE04EC0-301F-11D3-BF4B-00C04F79EFBC}") = "Blue.WCFContracts", "Blue.WCFContracts\Blue.WCFContracts.csproj", "{2269095B-F5F9-4F05-B52D-AD7DDEBB4CFF}"
EndProject
Project("{FAE04EC0-301F-11D3-BF4B-00C04F79EFBC}") = "Blue.WindowsConsoleServer", "Blue.WindowsConsoleServer\Blue.WindowsConsoleServer.csproj", "{0344EDE2-DD1C-4E17-917F-B56F63D0FA46}"
EndProject
Project("{2150E333-8FDC-42A3-9474-1A3956D46DE8}") = "Blue.UI", "Blue.UI", "{A9124DBE-E937-4EE0-A6A0-442C4193A7EE}"
EndProject
Project("{2150E333-8FDC-42A3-9474-1A3956D46DE8}") = "Blue.WCF", "Blue.WCF", "{AC10E9FA-F41C-404F-8C86-92BBD5341470}"
EndProject
Project("{2150E333-8FDC-42A3-9474-1A3956D46DE8}") = "Blue.DAL", "Blue.DAL", "{F1DB982F-7CB6-4A03-A822-66EEFBDB8887}"
EndProject
Project("{2150E333-8FDC-42A3-9474-1A3956D46DE8}") = "Blue.BLL", "Blue.BLL", "{0C8276A4-F540-4ED7-A31D-2CDD39ED47F6}"
EndProject
Project("{2150E333-8FDC-42A3-9474-1A3956D46DE8}") = "Blue.Shared", "Blue.Shared", "{15D7E262-FFE1-4BA0-A040-661C1CFFB1C8}"
EndProject
Project("{FAE04EC0-301F-11D3-BF4B-00C04F79EFBC}") = "Blue.BusinessLogic", "Blue.BusinessLogic\Blue.BusinessLogic.csproj", "{C83D0B6A-B78F-436D-8801-55D20A7373BB}"
EndProject
Project("{FAE04EC0-301F-11D3-BF4B-00C04F79EFBC}") = "Blue.DALFactory", "Blue.DALFactory\Blue.DALFactory.csproj", "{0427C654-6A00-46B3-9A5F-20234E5D9715}"
EndProject
Project("{FAE04EC0-301F-11D3-BF4B-00C04F79EFBC}") = "Blue.WindowsFormsClient", "Blue.WindowsFormsClient\Blue.WindowsFormsClient.csproj", "{40A94605-7942-4D99-987A-B3362FDE257E}"
EndProject
Project("{FAE04EC0-301F-11D3-BF4B-00C04F79EFBC}") = "Blue.WCFServices", "Blue.WCFServices\Blue.WCFServices.csproj", "{CC6C0E15-F167-4D00-AD07-67B8ED3B24D9}"
EndProject
Project("{FAE04EC0-301F-11D3-BF4B-00C04F79EFBC}") = "Blue.CustomLibrary", "Blue.CustomLibrary\Blue.CustomLibrary.csproj", "{3C440CAD-450C-4517-98CC-762A0084BC5A}"
EndProject
Project("{FAE04EC0-301F-11D3-BF4B-00C04F79EFBC}") = "Blue.WindowsFormsServer", "Blue.WindowsFormsServer\Blue.WindowsFormsServer.csproj", "{87828482-AAD9-413B-B29F-98EA4170C5D9}"
EndProject
Project("{FAE04EC0-301F-11D3-BF4B-00C04F79EFBC}") = "Blue.WindowsService", "Blue.WindowsService\Blue.WindowsService.csproj", "{75F14AF1-31A6-4630-85A0-BCF726A8ACAA}"
EndProject
Project("{FAE04EC0-301F-11D3-BF4B-00C04F79EFBC}") = "Blue.WebAPI", "Blue.WebAPI\Blue.WebAPI.csproj", "{A8C23CA5-7F61-4292-B357-73F930297A1A}"
EndProject
Project("{FAE04EC0-301F-11D3-BF4B-00C04F79EFBC}") = "Blue.OracleDAL", "Blue.OracleDAL\Blue.OracleDAL.csproj", "{E73C7C34-AD5A-45BE-911C-84E36E1ABDD8}"
EndProject
Project("{FAE04EC0-301F-11D3-BF4B-00C04F79EFBC}") = "Blue.SharedInterface", "Blue.SharedInterface\Blue.SharedInterface.csproj", "{FF9A168D-6576-48A3-96B9-7BCD855258F4}"
EndProject
Project("{FAE04EC0-301F-11D3-BF4B-00C04F79EFBC}") = "Blue.CommonBusinessLogic", "Blue.CommonBusinessLogic\Blue.CommonBusinessLogic.csproj", "{4C7109F7-7E4A-41D8-A070-F9103D7630EF}"
EndProject
Project("{FAE04EC0-301F-11D3-BF4B-00C04F79EFBC}") = "Blue.WinBusinessLogic", "Blue.WinBusinessLogic\Blue.WinBusinessLogic.csproj", "{2A574363-E95B-4FF1-AEDF-1C05BF94EC4E}"
EndProject
Project("{FAE04EC0-301F-11D3-BF4B-00C04F79EFBC}") = "AppFramework.WinFormsControls", "AppFramework.WinFormsControls\AppFramework.WinFormsControls.csproj", "{EE9D1F4D-528E-43E7-90E9-7B0E067F594F}"
EndProject
Project("{FAE04EC0-301F-11D3-BF4B-00C04F79EFBC}") = "Blue.DataCommutation", "Blue.DataCommutation\Blue.DataCommutation.csproj", "{9438C392-7250-4D78-91A8-F11E1F9469E5}"
EndProject
Global
	GlobalSection(SolutionConfigurationPlatforms) = preSolution
		Debug|Any CPU = Debug|Any CPU
		Release|Any CPU = Release|Any CPU
	EndGlobalSection
	GlobalSection(ProjectConfigurationPlatforms) = postSolution
		{2B0AE85C-4142-42DC-B97E-5D5E9557A9E6}.Debug|Any CPU.ActiveCfg = Debug|Any CPU
		{2B0AE85C-4142-42DC-B97E-5D5E9557A9E6}.Debug|Any CPU.Build.0 = Debug|Any CPU
		{2B0AE85C-4142-42DC-B97E-5D5E9557A9E6}.Release|Any CPU.ActiveCfg = Release|Any CPU
		{2B0AE85C-4142-42DC-B97E-5D5E9557A9E6}.Release|Any CPU.Build.0 = Release|Any CPU
		{A903B873-5480-48A1-BCA3-86F45C9640DC}.Debug|Any CPU.ActiveCfg = Debug|Any CPU
		{A903B873-5480-48A1-BCA3-86F45C9640DC}.Debug|Any CPU.Build.0 = Debug|Any CPU
		{A903B873-5480-48A1-BCA3-86F45C9640DC}.Release|Any CPU.ActiveCfg = Release|Any CPU
		{A903B873-5480-48A1-BCA3-86F45C9640DC}.Release|Any CPU.Build.0 = Release|Any CPU
		{D8DEFE18-438E-422E-893A-8694539DACF4}.Debug|Any CPU.ActiveCfg = Debug|Any CPU
		{D8DEFE18-438E-422E-893A-8694539DACF4}.Debug|Any CPU.Build.0 = Debug|Any CPU
		{D8DEFE18-438E-422E-893A-8694539DACF4}.Release|Any CPU.ActiveCfg = Release|Any CPU
		{D8DEFE18-438E-422E-893A-8694539DACF4}.Release|Any CPU.Build.0 = Release|Any CPU
		{4A01B0EC-5B3B-4B1A-94D2-7543456DDE8B}.Debug|Any CPU.ActiveCfg = Debug|Any CPU
		{4A01B0EC-5B3B-4B1A-94D2-7543456DDE8B}.Debug|Any CPU.Build.0 = Debug|Any CPU
		{4A01B0EC-5B3B-4B1A-94D2-7543456DDE8B}.Release|Any CPU.ActiveCfg = Release|Any CPU
		{4A01B0EC-5B3B-4B1A-94D2-7543456DDE8B}.Release|Any CPU.Build.0 = Release|Any CPU
		{7548BD25-B680-4BA5-BEE6-4682746D1782}.Debug|Any CPU.ActiveCfg = Debug|Any CPU
		{7548BD25-B680-4BA5-BEE6-4682746D1782}.Debug|Any CPU.Build.0 = Debug|Any CPU
		{7548BD25-B680-4BA5-BEE6-4682746D1782}.Release|Any CPU.ActiveCfg = Release|Any CPU
		{7548BD25-B680-4BA5-BEE6-4682746D1782}.Release|Any CPU.Build.0 = Release|Any CPU
		{A49EC00A-F9BD-4F53-9A88-BED92D768003}.Debug|Any CPU.ActiveCfg = Debug|Any CPU
		{A49EC00A-F9BD-4F53-9A88-BED92D768003}.Debug|Any CPU.Build.0 = Debug|Any CPU
		{A49EC00A-F9BD-4F53-9A88-BED92D768003}.Release|Any CPU.ActiveCfg = Release|Any CPU
		{A49EC00A-F9BD-4F53-9A88-BED92D768003}.Release|Any CPU.Build.0 = Release|Any CPU
		{43466B4D-2CAA-4F8D-A7C8-D9CBA7038F86}.Debug|Any CPU.ActiveCfg = Debug|Any CPU
		{43466B4D-2CAA-4F8D-A7C8-D9CBA7038F86}.Debug|Any CPU.Build.0 = Debug|Any CPU
		{43466B4D-2CAA-4F8D-A7C8-D9CBA7038F86}.Release|Any CPU.ActiveCfg = Release|Any CPU
		{43466B4D-2CAA-4F8D-A7C8-D9CBA7038F86}.Release|Any CPU.Build.0 = Release|Any CPU
		{2269095B-F5F9-4F05-B52D-AD7DDEBB4CFF}.Debug|Any CPU.ActiveCfg = Debug|Any CPU
		{2269095B-F5F9-4F05-B52D-AD7DDEBB4CFF}.Debug|Any CPU.Build.0 = Debug|Any CPU
		{2269095B-F5F9-4F05-B52D-AD7DDEBB4CFF}.Release|Any CPU.ActiveCfg = Release|Any CPU
		{2269095B-F5F9-4F05-B52D-AD7DDEBB4CFF}.Release|Any CPU.Build.0 = Release|Any CPU
		{0344EDE2-DD1C-4E17-917F-B56F63D0FA46}.Debug|Any CPU.ActiveCfg = Debug|Any CPU
		{0344EDE2-DD1C-4E17-917F-B56F63D0FA46}.Debug|Any CPU.Build.0 = Debug|Any CPU
		{0344EDE2-DD1C-4E17-917F-B56F63D0FA46}.Release|Any CPU.ActiveCfg = Release|Any CPU
		{0344EDE2-DD1C-4E17-917F-B56F63D0FA46}.Release|Any CPU.Build.0 = Release|Any CPU
		{C83D0B6A-B78F-436D-8801-55D20A7373BB}.Debug|Any CPU.ActiveCfg = Debug|Any CPU
		{C83D0B6A-B78F-436D-8801-55D20A7373BB}.Debug|Any CPU.Build.0 = Debug|Any CPU
		{C83D0B6A-B78F-436D-8801-55D20A7373BB}.Release|Any CPU.ActiveCfg = Release|Any CPU
		{C83D0B6A-B78F-436D-8801-55D20A7373BB}.Release|Any CPU.Build.0 = Release|Any CPU
		{0427C654-6A00-46B3-9A5F-20234E5D9715}.Debug|Any CPU.ActiveCfg = Debug|Any CPU
		{0427C654-6A00-46B3-9A5F-20234E5D9715}.Debug|Any CPU.Build.0 = Debug|Any CPU
		{0427C654-6A00-46B3-9A5F-20234E5D9715}.Release|Any CPU.ActiveCfg = Release|Any CPU
		{0427C654-6A00-46B3-9A5F-20234E5D9715}.Release|Any CPU.Build.0 = Release|Any CPU
		{40A94605-7942-4D99-987A-B3362FDE257E}.Debug|Any CPU.ActiveCfg = Debug|Any CPU
		{40A94605-7942-4D99-987A-B3362FDE257E}.Debug|Any CPU.Build.0 = Debug|Any CPU
		{40A94605-7942-4D99-987A-B3362FDE257E}.Release|Any CPU.ActiveCfg = Release|Any CPU
		{40A94605-7942-4D99-987A-B3362FDE257E}.Release|Any CPU.Build.0 = Release|Any CPU
		{CC6C0E15-F167-4D00-AD07-67B8ED3B24D9}.Debug|Any CPU.ActiveCfg = Debug|Any CPU
		{CC6C0E15-F167-4D00-AD07-67B8ED3B24D9}.Debug|Any CPU.Build.0 = Debug|Any CPU
		{CC6C0E15-F167-4D00-AD07-67B8ED3B24D9}.Release|Any CPU.ActiveCfg = Release|Any CPU
		{CC6C0E15-F167-4D00-AD07-67B8ED3B24D9}.Release|Any CPU.Build.0 = Release|Any CPU
		{3C440CAD-450C-4517-98CC-762A0084BC5A}.Debug|Any CPU.ActiveCfg = Debug|Any CPU
		{3C440CAD-450C-4517-98CC-762A0084BC5A}.Debug|Any CPU.Build.0 = Debug|Any CPU
		{3C440CAD-450C-4517-98CC-762A0084BC5A}.Release|Any CPU.ActiveCfg = Release|Any CPU
		{3C440CAD-450C-4517-98CC-762A0084BC5A}.Release|Any CPU.Build.0 = Release|Any CPU
		{87828482-AAD9-413B-B29F-98EA4170C5D9}.Debug|Any CPU.ActiveCfg = Debug|Any CPU
		{87828482-AAD9-413B-B29F-98EA4170C5D9}.Debug|Any CPU.Build.0 = Debug|Any CPU
		{87828482-AAD9-413B-B29F-98EA4170C5D9}.Release|Any CPU.ActiveCfg = Release|Any CPU
		{87828482-AAD9-413B-B29F-98EA4170C5D9}.Release|Any CPU.Build.0 = Release|Any CPU
		{75F14AF1-31A6-4630-85A0-BCF726A8ACAA}.Debug|Any CPU.ActiveCfg = Debug|Any CPU
		{75F14AF1-31A6-4630-85A0-BCF726A8ACAA}.Debug|Any CPU.Build.0 = Debug|Any CPU
		{75F14AF1-31A6-4630-85A0-BCF726A8ACAA}.Release|Any CPU.ActiveCfg = Release|Any CPU
		{75F14AF1-31A6-4630-85A0-BCF726A8ACAA}.Release|Any CPU.Build.0 = Release|Any CPU
		{A8C23CA5-7F61-4292-B357-73F930297A1A}.Debug|Any CPU.ActiveCfg = Debug|Any CPU
		{A8C23CA5-7F61-4292-B357-73F930297A1A}.Debug|Any CPU.Build.0 = Debug|Any CPU
		{A8C23CA5-7F61-4292-B357-73F930297A1A}.Release|Any CPU.ActiveCfg = Release|Any CPU
		{A8C23CA5-7F61-4292-B357-73F930297A1A}.Release|Any CPU.Build.0 = Release|Any CPU
		{E73C7C34-AD5A-45BE-911C-84E36E1ABDD8}.Debug|Any CPU.ActiveCfg = Debug|Any CPU
		{E73C7C34-AD5A-45BE-911C-84E36E1ABDD8}.Debug|Any CPU.Build.0 = Debug|Any CPU
		{E73C7C34-AD5A-45BE-911C-84E36E1ABDD8}.Release|Any CPU.ActiveCfg = Release|Any CPU
		{E73C7C34-AD5A-45BE-911C-84E36E1ABDD8}.Release|Any CPU.Build.0 = Release|Any CPU
		{FF9A168D-6576-48A3-96B9-7BCD855258F4}.Debug|Any CPU.ActiveCfg = Debug|Any CPU
		{FF9A168D-6576-48A3-96B9-7BCD855258F4}.Debug|Any CPU.Build.0 = Debug|Any CPU
		{FF9A168D-6576-48A3-96B9-7BCD855258F4}.Release|Any CPU.ActiveCfg = Release|Any CPU
		{FF9A168D-6576-48A3-96B9-7BCD855258F4}.Release|Any CPU.Build.0 = Release|Any CPU
		{4C7109F7-7E4A-41D8-A070-F9103D7630EF}.Debug|Any CPU.ActiveCfg = Debug|Any CPU
		{4C7109F7-7E4A-41D8-A070-F9103D7630EF}.Debug|Any CPU.Build.0 = Debug|Any CPU
		{4C7109F7-7E4A-41D8-A070-F9103D7630EF}.Release|Any CPU.ActiveCfg = Release|Any CPU
		{4C7109F7-7E4A-41D8-A070-F9103D7630EF}.Release|Any CPU.Build.0 = Release|Any CPU
		{2A574363-E95B-4FF1-AEDF-1C05BF94EC4E}.Debug|Any CPU.ActiveCfg = Debug|Any CPU
		{2A574363-E95B-4FF1-AEDF-1C05BF94EC4E}.Debug|Any CPU.Build.0 = Debug|Any CPU
		{2A574363-E95B-4FF1-AEDF-1C05BF94EC4E}.Release|Any CPU.ActiveCfg = Release|Any CPU
		{2A574363-E95B-4FF1-AEDF-1C05BF94EC4E}.Release|Any CPU.Build.0 = Release|Any CPU
		{EE9D1F4D-528E-43E7-90E9-7B0E067F594F}.Debug|Any CPU.ActiveCfg = Debug|Any CPU
		{EE9D1F4D-528E-43E7-90E9-7B0E067F594F}.Debug|Any CPU.Build.0 = Debug|Any CPU
		{EE9D1F4D-528E-43E7-90E9-7B0E067F594F}.Release|Any CPU.ActiveCfg = Release|Any CPU
		{EE9D1F4D-528E-43E7-90E9-7B0E067F594F}.Release|Any CPU.Build.0 = Release|Any CPU
		{9438C392-7250-4D78-91A8-F11E1F9469E5}.Debug|Any CPU.ActiveCfg = Debug|Any CPU
		{9438C392-7250-4D78-91A8-F11E1F9469E5}.Debug|Any CPU.Build.0 = Debug|Any CPU
		{9438C392-7250-4D78-91A8-F11E1F9469E5}.Release|Any CPU.ActiveCfg = Release|Any CPU
		{9438C392-7250-4D78-91A8-F11E1F9469E5}.Release|Any CPU.Build.0 = Release|Any CPU
	EndGlobalSection
	GlobalSection(SolutionProperties) = preSolution
		HideSolutionNode = FALSE
	EndGlobalSection
	GlobalSection(NestedProjects) = preSolution
		{2B0AE85C-4142-42DC-B97E-5D5E9557A9E6} = {A4DD5143-EBF5-44CC-BEF1-EEAD8F775C37}
		{A903B873-5480-48A1-BCA3-86F45C9640DC} = {A4DD5143-EBF5-44CC-BEF1-EEAD8F775C37}
		{D8DEFE18-438E-422E-893A-8694539DACF4} = {A4DD5143-EBF5-44CC-BEF1-EEAD8F775C37}
		{4A01B0EC-5B3B-4B1A-94D2-7543456DDE8B} = {0C8276A4-F540-4ED7-A31D-2CDD39ED47F6}
		{7548BD25-B680-4BA5-BEE6-4682746D1782} = {F1DB982F-7CB6-4A03-A822-66EEFBDB8887}
		{A49EC00A-F9BD-4F53-9A88-BED92D768003} = {15D7E262-FFE1-4BA0-A040-661C1CFFB1C8}
		{43466B4D-2CAA-4F8D-A7C8-D9CBA7038F86} = {F1DB982F-7CB6-4A03-A822-66EEFBDB8887}
		{2269095B-F5F9-4F05-B52D-AD7DDEBB4CFF} = {AC10E9FA-F41C-404F-8C86-92BBD5341470}
		{0344EDE2-DD1C-4E17-917F-B56F63D0FA46} = {A9124DBE-E937-4EE0-A6A0-442C4193A7EE}
		{A9124DBE-E937-4EE0-A6A0-442C4193A7EE} = {D1499343-5D01-497D-987A-7C32FDC520E8}
		{AC10E9FA-F41C-404F-8C86-92BBD5341470} = {D1499343-5D01-497D-987A-7C32FDC520E8}
		{F1DB982F-7CB6-4A03-A822-66EEFBDB8887} = {D1499343-5D01-497D-987A-7C32FDC520E8}
		{0C8276A4-F540-4ED7-A31D-2CDD39ED47F6} = {D1499343-5D01-497D-987A-7C32FDC520E8}
		{15D7E262-FFE1-4BA0-A040-661C1CFFB1C8} = {D1499343-5D01-497D-987A-7C32FDC520E8}
		{C83D0B6A-B78F-436D-8801-55D20A7373BB} = {0C8276A4-F540-4ED7-A31D-2CDD39ED47F6}
		{0427C654-6A00-46B3-9A5F-20234E5D9715} = {F1DB982F-7CB6-4A03-A822-66EEFBDB8887}
		{40A94605-7942-4D99-987A-B3362FDE257E} = {A9124DBE-E937-4EE0-A6A0-442C4193A7EE}
		{CC6C0E15-F167-4D00-AD07-67B8ED3B24D9} = {AC10E9FA-F41C-404F-8C86-92BBD5341470}
		{3C440CAD-450C-4517-98CC-762A0084BC5A} = {15D7E262-FFE1-4BA0-A040-661C1CFFB1C8}
		{87828482-AAD9-413B-B29F-98EA4170C5D9} = {A9124DBE-E937-4EE0-A6A0-442C4193A7EE}
		{75F14AF1-31A6-4630-85A0-BCF726A8ACAA} = {A9124DBE-E937-4EE0-A6A0-442C4193A7EE}
		{A8C23CA5-7F61-4292-B357-73F930297A1A} = {0C8276A4-F540-4ED7-A31D-2CDD39ED47F6}
		{E73C7C34-AD5A-45BE-911C-84E36E1ABDD8} = {F1DB982F-7CB6-4A03-A822-66EEFBDB8887}
		{FF9A168D-6576-48A3-96B9-7BCD855258F4} = {0C8276A4-F540-4ED7-A31D-2CDD39ED47F6}
		{4C7109F7-7E4A-41D8-A070-F9103D7630EF} = {0C8276A4-F540-4ED7-A31D-2CDD39ED47F6}
		{2A574363-E95B-4FF1-AEDF-1C05BF94EC4E} = {0C8276A4-F540-4ED7-A31D-2CDD39ED47F6}
		{EE9D1F4D-528E-43E7-90E9-7B0E067F594F} = {A4DD5143-EBF5-44CC-BEF1-EEAD8F775C37}
		{9438C392-7250-4D78-91A8-F11E1F9469E5} = {0C8276A4-F540-4ED7-A31D-2CDD39ED47F6}
	EndGlobalSection
	GlobalSection(ExtensibilityGlobals) = postSolution
		SolutionGuid = {DA54687B-C4FA-4FCE-B1BD-FA592FE1C8EA}
	EndGlobalSection
EndGlobal
